
Microsoft Visual Studio Solution File, Format Version 12.00
# Visual Studio Version 17
VisualStudioVersion = 17.14.36717.8
MinimumVisualStudioVersion = 10.0.40219.1
Project("{2150E333-8FDC-42A3-9474-1A3956D46DE8}") = "Çözüm Öğeleri", "Çözüm Öğeleri", "{AC80F682-3D55-C8F8-4895-A4A9EDD49434}"
	ProjectSection(SolutionItems) = preProject
		Protos\DynotisAPI.proto = Protos\DynotisAPI.proto
		Readme.md = Readme.md
	EndProjectSection
EndProject
Project("{888888A0-9F3D-457C-B088-3A5042F75D52}") = "dynotis_python_sdk", "dynotis_python_sdk\dynotis_python_sdk.pyproj", "{B264A896-1325-449D-86F1-2DEA02738EF2}"
EndProject
Project("{54A90642-561A-4BB1-A94E-469ADEE60C69}") = "dynotis_javascript_sdk", "dynotis_javascript_sdk\dynotis_javascript_sdk.esproj", "{F6937EB5-405D-FD2D-9832-E53EC5676327}"
EndProject
Global
	GlobalSection(SolutionConfigurationPlatforms) = preSolution
		Debug|Any CPU = Debug|Any CPU
		Release|Any CPU = Release|Any CPU
	EndGlobalSection
	GlobalSection(ProjectConfigurationPlatforms) = postSolution
		{B264A896-1325-449D-86F1-2DEA02738EF2}.Debug|Any CPU.ActiveCfg = Debug|Any CPU
		{B264A896-1325-449D-86F1-2DEA02738EF2}.Release|Any CPU.ActiveCfg = Release|Any CPU
		{F6937EB5-405D-FD2D-9832-E53EC5676327}.Debug|Any CPU.ActiveCfg = Debug|Any CPU
		{F6937EB5-405D-FD2D-9832-E53EC5676327}.Debug|Any CPU.Build.0 = Debug|Any CPU
		{F6937EB5-405D-FD2D-9832-E53EC5676327}.Debug|Any CPU.Deploy.0 = Debug|Any CPU
		{F6937EB5-405D-FD2D-9832-E53EC5676327}.Release|Any CPU.ActiveCfg = Release|Any CPU
		{F6937EB5-405D-FD2D-9832-E53EC5676327}.Release|Any CPU.Build.0 = Release|Any CPU
		{F6937EB5-405D-FD2D-9832-E53EC5676327}.Release|Any CPU.Deploy.0 = Release|Any CPU
	EndGlobalSection
	GlobalSection(SolutionProperties) = preSolution
		HideSolutionNode = FALSE
	EndGlobalSection
	GlobalSection(ExtensibilityGlobals) = postSolution
		SolutionGuid = {8060CF88-8B68-416C-971F-A762E48AC51E}
	EndGlobalSection
EndGlobal
